{
  "name": "atomic-utils",
  "version": "1.6.1",
  "lockfileVersion": 3,
  "requires": true,
  "packages": {
    "": {
      "name": "atomic-utils",
      "version": "1.6.1",
      "license": "MIT",
      "dependencies": {
        "atomic-state": "^3.0.6",
        "http-react": "^3.8.2",
        "react-kuh": "^0.1.6"
      }
    },
    "node_modules/atomic-state": {
      "version": "3.0.6",
      "resolved": "https://registry.npmjs.org/atomic-state/-/atomic-state-3.0.6.tgz",
      "integrity": "sha512-w7ZB5xEazHUiGWOGSUy1I0QdRQUvxADkcbR60SZ/Csen8WIGe29a32iuv0LVwLSP1HBfjsyhiecQ2+/C10Yomg==",
      "license": "MIT",
      "peerDependencies": {
        "react": ">=16.13.1",
        "react-dom": ">=16.13.1"
      }
    },
    "node_modules/clsx": {
      "version": "2.1.1",
      "resolved": "https://registry.npmjs.org/clsx/-/clsx-2.1.1.tgz",
      "integrity": "sha512-eYm0QWBtUrBWZWG0d386OGAw16Z995PiOVo2B7bjWSbHedGl5e0ZWaq65kOGgUSNesEIDkB9ISbTg/JK9dhCZA==",
      "license": "MIT",
      "engines": {
        "node": ">=6"
      }
    },
    "node_modules/http-react": {
      "version": "3.8.2",
      "resolved": "https://registry.npmjs.org/http-react/-/http-react-3.8.2.tgz",
      "integrity": "sha512-mZmLfT+IQWHmXZBCv/CfjGPcozXfwan7ykCq2sH80wIRxpY3xKq1bv4esVukT3IzHc2/QBM81Iu6b6gPDZTKsQ==",
      "license": "MIT",
      "peerDependencies": {
        "react": ">=16.13.1"
      }
    },
    "node_modules/react": {
      "version": "19.1.1",
      "resolved": "https://registry.npmjs.org/react/-/react-19.1.1.tgz",
      "integrity": "sha512-w8nqGImo45dmMIfljjMwOGtbmC/mk4CMYhWIicdSflH91J9TyCyczcPFXJzrZ/ZXcgGRFeP6BU0BEJTw6tZdfQ==",
      "license": "MIT",
      "peer": true,
      "engines": {
        "node": ">=0.10.0"
      }
    },
    "node_modules/react-dom": {
      "version": "19.1.1",
      "resolved": "https://registry.npmjs.org/react-dom/-/react-dom-19.1.1.tgz",
      "integrity": "sha512-Dlq/5LAZgF0Gaz6yiqZCf6VCcZs1ghAJyrsu84Q/GT0gV+mCxbfmKNoGRKBYMJ8IEdGPqu49YWXD02GCknEDkw==",
      "license": "MIT",
      "peer": true,
      "dependencies": {
        "scheduler": "^0.26.0"
      },
      "peerDependencies": {
        "react": "^19.1.1"
      }
    },
    "node_modules/react-kuh": {
      "version": "0.1.6",
      "resolved": "https://registry.npmjs.org/react-kuh/-/react-kuh-0.1.6.tgz",
      "integrity": "sha512-KeaGNBeDZkMHSyCPSv+ewQ1Y03nVqryqhXAHs0KD/TxZIA2ngHdHw8HCbE8BDedgRBgC5LiwRnGAAra/4KNChA==",
      "license": "MIT",
      "dependencies": {
        "clsx": "^2.1.1",
        "tailwind-merge": "^2.5.5"
      }
    },
    "node_modules/scheduler": {
      "version": "0.26.0",
      "resolved": "https://registry.npmjs.org/scheduler/-/scheduler-0.26.0.tgz",
      "integrity": "sha512-NlHwttCI/l5gCPR3D1nNXtWABUmBwvZpEQiD4IXSbIDq8BzLIK/7Ir5gTFSGZDUu37K5cMNp0hFtzO38sC7gWA==",
      "license": "MIT",
      "peer": true
    },
    "node_modules/tailwind-merge": {
      "version": "2.6.0",
      "resolved": "https://registry.npmjs.org/tailwind-merge/-/tailwind-merge-2.6.0.tgz",
      "integrity": "sha512-P+Vu1qXfzediirmHOC3xKGAYeZtPcV9g76X+xg2FD4tYgR71ewMA35Y3sCz3zhiN/dwefRpJX0yBcgwi1fXNQA==",
      "license": "MIT",
      "funding": {
        "type": "github",
        "url": "https://github.com/sponsors/dcastil"
      }
    }
  }
}
